
Microsoft Visual Studio Solution File, Format Version 12.00
# Visual Studio Version 17
VisualStudioVersion = 17.10.35013.160
MinimumVisualStudioVersion = 10.0.40219.1
Project("{FAE04EC0-301F-11D3-BF4B-00C04F79EFBC}") = "Triángulo de Pascal", "Triángulo de Pascal\Triángulo de Pascal.csproj", "{E28489E5-4886-4FEC-9C05-8BE3BAFE10D5}"
EndProject
Global
	GlobalSection(SolutionConfigurationPlatforms) = preSolution
		Debug|Any CPU = Debug|Any CPU
		Release|Any CPU = Release|Any CPU
	EndGlobalSection
	GlobalSection(ProjectConfigurationPlatforms) = postSolution
		{E28489E5-4886-4FEC-9C05-8BE3BAFE10D5}.Debug|Any CPU.ActiveCfg = Debug|Any CPU
		{E28489E5-4886-4FEC-9C05-8BE3BAFE10D5}.Debug|Any CPU.Build.0 = Debug|Any CPU
		{E28489E5-4886-4FEC-9C05-8BE3BAFE10D5}.Release|Any CPU.ActiveCfg = Release|Any CPU
		{E28489E5-4886-4FEC-9C05-8BE3BAFE10D5}.Release|Any CPU.Build.0 = Release|Any CPU
	EndGlobalSection
	GlobalSection(SolutionProperties) = preSolution
		HideSolutionNode = FALSE
	EndGlobalSection
	GlobalSection(ExtensibilityGlobals) = postSolution
		SolutionGuid = {F7444254-9494-492B-A562-4980D9F8892D}
	EndGlobalSection
EndGlobal
